
Microsoft Visual Studio Solution File, Format Version 12.00
# Visual Studio Version 17
VisualStudioVersion = 17.7.34221.43
MinimumVisualStudioVersion = 10.0.40219.1
Project("{FAE04EC0-301F-11D3-BF4B-00C04F79EFBC}") = "JwtAuthenticationWithMiddlewares", "JwtAuthenticationWithMiddlewares.csproj", "{0AA144FA-7D56-4058-91B4-06FA59D144D1}"
EndProject
Global
	GlobalSection(SolutionConfigurationPlatforms) = preSolution
		Debug|Any CPU = Debug|Any CPU
		Release|Any CPU = Release|Any CPU
	EndGlobalSection
	GlobalSection(ProjectConfigurationPlatforms) = postSolution
		{0AA144FA-7D56-4058-91B4-06FA59D144D1}.Debug|Any CPU.ActiveCfg = Debug|Any CPU
		{0AA144FA-7D56-4058-91B4-06FA59D144D1}.Debug|Any CPU.Build.0 = Debug|Any CPU
		{0AA144FA-7D56-4058-91B4-06FA59D144D1}.Release|Any CPU.ActiveCfg = Release|Any CPU
		{0AA144FA-7D56-4058-91B4-06FA59D144D1}.Release|Any CPU.Build.0 = Release|Any CPU
	EndGlobalSection
	GlobalSection(SolutionProperties) = preSolution
		HideSolutionNode = FALSE
	EndGlobalSection
	GlobalSection(ExtensibilityGlobals) = postSolution
		SolutionGuid = {CC0A536A-85EF-4358-93DF-CBA05FE0960E}
	EndGlobalSection
EndGlobal
